%{
  "anubis_mcp": {:hex, :anubis_mcp, "1.14.0", "5f8675d0803331a73cd57232cb1ff44932310156631d6bab4105d5de83c2434e", [:mix], [{:finch, "~> 0.19", [hex: :finch, repo: "hexpm", optional: false]}, {:gun, "~> 2.2", [hex: :gun, repo: "hexpm", optional: true]}, {:jose, "~> 1.11.7", [hex: :jose, repo: "hexpm", optional: true]}, {:peri, "0.9.0", [hex: :peri, repo: "hexpm", optional: false]}, {:plug, "~> 1.18", [hex: :plug, repo: "hexpm", optional: true]}, {:redix, "~> 1.5", [hex: :redix, repo: "hexpm", optional: true]}, {:telemetry, "~> 1.2", [hex: :telemetry, repo: "hexpm", optional: false]}], "hexpm", "ea9a72c6e3b8b6eaa73333a4b6be4785a8a787e287211318938bb06bae16e4c2"},
  "ash": {:hex, :ash, "3.31.3", "b36672bff745eadd52265d8b0a303f98ba26a31173f4116ebd2df7be0cbafeff", [:mix], [{:crux, ">= 0.1.2 and < 1.0.0-0", [hex: :crux, repo: "hexpm", optional: false]}, {:decimal, "~> 2.0 or ~> 3.0", [hex: :decimal, repo: "hexpm", optional: false]}, {:ecto, "~> 3.14", [hex: :ecto, repo: "hexpm", optional: false]}, {:ets, "~> 0.8", [hex: :ets, repo: "hexpm", optional: false]}, {:igniter, ">= 0.6.29 and < 1.0.0-0", [hex: :igniter, repo: "hexpm", optional: true]}, {:jason, ">= 1.0.0", [hex: :jason, repo: "hexpm", optional: false]}, {:picosat_elixir, "~> 0.2", [hex: :picosat_elixir, repo: "hexpm", optional: true]}, {:plug, ">= 0.0.0", [hex: :plug, repo: "hexpm", optional: true]}, {:reactor, "~> 1.0", [hex: :reactor, repo: "hexpm", optional: false]}, {:simple_sat, ">= 0.1.1 and < 1.0.0-0", [hex: :simple_sat, repo: "hexpm", optional: true]}, {:spark, ">= 2.6.0", [hex: :spark, repo: "hexpm", optional: false]}, {:splode, "~> 0.3", [hex: :splode, repo: "hexpm", optional: false]}, {:stream_data, "~> 1.0", [hex: :stream_data, repo: "hexpm", optional: false]}, {:telemetry, "~> 1.1", [hex: :telemetry, repo: "hexpm", optional: false]}], "hexpm", "4c105da2080475d114908c32e70970e69c857a9068a577a4e99dbf2801baa11e"},
  "ash_sql": {:hex, :ash_sql, "0.6.9", "618143050c39736580677629859d003f5ea84f9898944b1b43a0c593771f8863", [:mix], [{:ash, ">= 3.24.5 and < 4.0.0-0", [hex: :ash, repo: "hexpm", optional: false]}, {:ecto, ">= 3.13.4 and < 4.0.0-0", [hex: :ecto, repo: "hexpm", optional: false]}, {:ecto_sql, "~> 3.9", [hex: :ecto_sql, repo: "hexpm", optional: false]}], "hexpm", "be52eb90ee1e552c1469dcf84afc26acfc0c1a232897cada02bf19bf23a38cf1"},
  "ash_sqlite": {:hex, :ash_sqlite, "0.2.17", "313542b15e20882f2ab4531e36969b98b25129fa9489f1bf743a73720e640cf9", [:mix], [{:ash, "~> 3.19", [hex: :ash, repo: "hexpm", optional: false]}, {:ash_sql, ">= 0.2.20 and < 1.0.0-0", [hex: :ash_sql, repo: "hexpm", optional: false]}, {:ecto, "~> 3.13", [hex: :ecto, repo: "hexpm", optional: false]}, {:ecto_sql, "~> 3.13", [hex: :ecto_sql, repo: "hexpm", optional: false]}, {:ecto_sqlite3, "~> 0.12", [hex: :ecto_sqlite3, repo: "hexpm", optional: false]}, {:igniter, ">= 0.6.14 and < 1.0.0-0", [hex: :igniter, repo: "hexpm", optional: true]}, {:jason, "~> 1.0", [hex: :jason, repo: "hexpm", optional: false]}], "hexpm", "717a7a06029b57ed4c57699b9179531e3f95c82e40142d8e4de35e980eea761d"},
  "astro": {:hex, :astro, "1.1.2", "2f645150a97bd97abd0a3cae2b16f1e429a2765abcd855925c64467c4c01e378", [:mix], [{:geo, "~> 3.0", [hex: :geo, repo: "hexpm", optional: false]}, {:tz, "~> 0.26", [hex: :tz, repo: "hexpm", optional: true]}, {:tz_world, "~> 1.0", [hex: :tz_world, repo: "hexpm", optional: true]}, {:tzdata, "~> 1.1", [hex: :tzdata, repo: "hexpm", optional: true]}], "hexpm", "b82204ade17ec730b13b4d7a163bf204ec9ddeff77147afda032726539644c7f"},
  "bandit": {:hex, :bandit, "1.12.4", "10bbab488edf8162318d736c19c5837077b8fca2bf5d95b07b33830387124f62", [:mix], [{:hpax, "~> 1.0", [hex: :hpax, repo: "hexpm", optional: false]}, {:plug, "~> 1.18", [hex: :plug, repo: "hexpm", optional: false]}, {:telemetry, "~> 0.4 or ~> 1.0", [hex: :telemetry, repo: "hexpm", optional: false]}, {:thousand_island, "~> 1.5", [hex: :thousand_island, repo: "hexpm", optional: false]}, {:websock, "~> 0.5", [hex: :websock, repo: "hexpm", optional: false]}], "hexpm", "84513318c5752a2a8017664450f889b47fae5d53d64698ddf1e4fb09a7449e8d"},
  "bunt": {:hex, :bunt, "1.0.0", "081c2c665f086849e6d57900292b3a161727ab40431219529f13c4ddcf3e7a44", [:mix], [], "hexpm", "dc5f86aa08a5f6fa6b8096f0735c4e76d54ae5c9fa2c143e5a1fc7c1cd9bb6b5"},
  "castore": {:hex, :castore, "1.0.21", "0a0e8330dc267a40a3b7ad86d39302764bb71758172904e6a59d5ad6443ce307", [:mix], [], "hexpm", "e42e22723e25dbd46876d056a03f685513d6e98f6b5e555dc551321decd76c5c"},
  "cc_precompiler": {:hex, :cc_precompiler, "0.1.11", "8c844d0b9fb98a3edea067f94f616b3f6b29b959b6b3bf25fee94ffe34364768", [:mix], [{:elixir_make, "~> 0.7", [hex: :elixir_make, repo: "hexpm", optional: false]}], "hexpm", "3427232caf0835f94680e5bcf082408a70b48ad68a5f5c0b02a3bea9f3a075b9"},
  "cldr_utils": {:hex, :cldr_utils, "2.29.7", "2189bc0117efe91c684558e79174b45eb43135595b7d1fe9b57f53917be195c1", [:mix], [{:castore, "~> 0.1 or ~> 1.0", [hex: :castore, repo: "hexpm", optional: true]}, {:certifi, "~> 2.5", [hex: :certifi, repo: "hexpm", optional: true]}, {:decimal, "~> 1.9 or ~> 2.0 or ~> 3.0", [hex: :decimal, repo: "hexpm", optional: false]}], "hexpm", "4bddcd597fee34e2d2829ae9ef62bcfef8d97ae5f6b75f0c6ee37a3db31aa73a"},
  "credo": {:hex, :credo, "1.7.19", "cc52129665fc7c15143d47838fda0f9cd6dac9ceced7bf4da6f85fcbfe64b12a", [:mix], [{:bunt, "~> 0.2.1 or ~> 1.0", [hex: :bunt, repo: "hexpm", optional: false]}, {:file_system, "~> 0.2 or ~> 1.0", [hex: :file_system, repo: "hexpm", optional: false]}, {:jason, "~> 1.0", [hex: :jason, repo: "hexpm", optional: false]}], "hexpm", "2d8bc95d5a7bb99dd2613621d4f08c6a3575c3fd4b62e6a2b48a100352a557b8"},
  "crux": {:hex, :crux, "0.1.4", "1fa21f5ca886d3498f83871a3ef19379b80abf8cfcf2ed32007e80279e714f1e", [:mix], [{:picosat_elixir, "~> 0.2", [hex: :picosat_elixir, repo: "hexpm", optional: true]}, {:simple_sat, ">= 0.1.1 and < 1.0.0-0", [hex: :simple_sat, repo: "hexpm", optional: true]}, {:stream_data, "~> 1.0", [hex: :stream_data, repo: "hexpm", optional: true]}], "hexpm", "ff7d880cf732d82360aa81e439b8d4831cd30768061c9233f90c97e10162b9c0"},
  "db_connection": {:hex, :db_connection, "2.10.2", "ae391e803a5adff104da913c2fc1c0c14a37f8b10001dcef568796e1fb7bf95c", [:mix], [{:telemetry, "~> 0.4 or ~> 1.0", [hex: :telemetry, repo: "hexpm", optional: false]}], "hexpm", "510b14482330f1af6490a2fa0efd8d4f1435d1529b165647df22ac0f2df0fa93"},
  "decimal": {:hex, :decimal, "3.1.1", "430d87b04011ce6cbd4fd205be758311a81f87d552d40904abd00f015935b1d0", [:mix], [], "hexpm", "c5f25f2ced74a0587d03e6023f595db8e924c9d3922c8c8ffd9edfc4498cf1f6"},
  "digital_token": {:hex, :digital_token, "2.0.0", "fb3c74411790994895c4a61387ab322b64a682995ef2f54a4627c92d46be5d62", [:mix], [], "hexpm", "cbd2fff52770284a8251540a4b4e529e9738c6fe052d7f3c3428eb5c817385cd"},
  "ecto": {:hex, :ecto, "3.14.2", "99db28a864293a789c970651de711e3cae184291e0e7ea1166c54055ac41c1f3", [:mix], [{:decimal, "~> 3.0", [hex: :decimal, repo: "hexpm", optional: false]}, {:jason, "~> 1.0", [hex: :jason, repo: "hexpm", optional: true]}, {:telemetry, "~> 0.4 or ~> 1.0", [hex: :telemetry, repo: "hexpm", optional: false]}], "hexpm", "25d60b8c816a07d19d85b80bdf60978bd8b102209dda198d768cd7c6745339a6"},
  "ecto_sql": {:hex, :ecto_sql, "3.14.0", "06446ab8410d2f85bfbb80857ee224ab3b693700cbb38f6535d507449a627b2e", [:mix], [{:db_connection, "~> 2.9", [hex: :db_connection, repo: "hexpm", optional: false]}, {:decimal, "~> 3.0", [hex: :decimal, repo: "hexpm", optional: false]}, {:ecto, "~> 3.14.0", [hex: :ecto, repo: "hexpm", optional: false]}, {:myxql, "~> 0.8", [hex: :myxql, repo: "hexpm", optional: true]}, {:postgrex, "~> 0.19 or ~> 1.0", [hex: :postgrex, repo: "hexpm", optional: true]}, {:tds, "~> 2.1.1 or ~> 2.2", [hex: :tds, repo: "hexpm", optional: true]}, {:telemetry, "~> 0.4.0 or ~> 1.0", [hex: :telemetry, repo: "hexpm", optional: false]}], "hexpm", "f4d8d36faf294c9417b5a37ec7ac8217ee2abdef5fcf197ba690f361548d3949"},
  "ecto_sqlite3": {:hex, :ecto_sqlite3, "0.24.1", "26665565f075aaf5f83a76a409ffdef4d2f0a2f3c6840bbf0995993fbea2ad32", [:mix], [{:decimal, "~> 3.0", [hex: :decimal, repo: "hexpm", optional: false]}, {:ecto, "~> 3.14", [hex: :ecto, repo: "hexpm", optional: false]}, {:ecto_sql, "~> 3.14", [hex: :ecto_sql, repo: "hexpm", optional: false]}, {:exqlite, "~> 0.22", [hex: :exqlite, repo: "hexpm", optional: false]}], "hexpm", "681ca576c74a94944b962eeb7e0cf19aaea517decafd3213afb403ac8f4cd2e3"},
  "elixir_make": {:hex, :elixir_make, "0.10.0", "16577e2583a79bb79237bbff349619ef5d80afffc07eac6e4faf0d00e2ddaf7d", [:mix], [], "hexpm", "dc1f09fb7fa68866b886abd5f0f3c83553b1a19a52359a899e92af1bb3b31982"},
  "eqrcode": {:hex, :eqrcode, "0.2.1", "d12838813e8fc87b8940cc05f9baadb189031f6009facdc56ff074375ec73b6e", [:mix], [], "hexpm", "d5828a222b904c68360e7dc2a40c3ef33a1328b7c074583898040f389f928025"},
  "ets": {:hex, :ets, "0.9.0", "79c6a6c205436780486f72d84230c6cba2f8a9920456750ddd1e47389107d5fd", [:mix], [], "hexpm", "2861fdfb04bcaeff370f1a5904eec864f0a56dcfebe5921ea9aadf2a481c822b"},
  "ex_ast": {:hex, :ex_ast, "0.13.1", "b3d80ec163733176f63662ac44d2511445c224f6b5e4e3ce01f5eff83c4a5993", [:mix], [{:jason, "~> 1.4", [hex: :jason, repo: "hexpm", optional: false]}, {:sourceror, "~> 1.7", [hex: :sourceror, repo: "hexpm", optional: false]}], "hexpm", "bd15f68cde5ec945b859bd67416f26cf5499f1aef9b067eb2163ed244c7e703a"},
  "ex_cldr": {:hex, :ex_cldr, "2.47.5", "cc08d24876b0e0ef7038f202ddd708c9ae218702a7e09433d7e06e324d2104cc", [:mix], [{:cldr_utils, "~> 2.29", [hex: :cldr_utils, repo: "hexpm", optional: false]}, {:decimal, "~> 1.6 or ~> 2.0 or ~> 3.0", [hex: :decimal, repo: "hexpm", optional: false]}, {:gettext, "~> 0.19 or ~> 1.0", [hex: :gettext, repo: "hexpm", optional: true]}, {:jason, "~> 1.0", [hex: :jason, repo: "hexpm", optional: true]}, {:nimble_parsec, "~> 0.5 or ~> 1.0", [hex: :nimble_parsec, repo: "hexpm", optional: true]}], "hexpm", "8637e14a966fa68381e9765afd03d8fc703d6f3bc5c7c3e5fe59354566777595"},
  "ex_cldr_calendars": {:hex, :ex_cldr_calendars, "2.4.3", "13ec2ab7e1738ec16ecb91c0edc3753e9925c2682f4184571368d183b41deb7e", [:mix], [{:calendar_interval, "~> 0.2", [hex: :calendar_interval, repo: "hexpm", optional: true]}, {:ex_cldr_lists, "~> 2.10", [hex: :ex_cldr_lists, repo: "hexpm", optional: true]}, {:ex_cldr_numbers, "~> 2.36", [hex: :ex_cldr_numbers, repo: "hexpm", optional: false]}, {:ex_cldr_units, "~> 3.20", [hex: :ex_cldr_units, repo: "hexpm", optional: true]}, {:ex_doc, "~> 0.21", [hex: :ex_doc, repo: "hexpm", optional: true]}, {:jason, "~> 1.0", [hex: :jason, repo: "hexpm", optional: false]}], "hexpm", "b46ef6bd74f7e2dc3de27366f79372b1e630563bcf09b7803fec162e28d4a85e"},
  "ex_cldr_calendars_persian": {:hex, :ex_cldr_calendars_persian, "1.1.1", "62252dfbb3467070409db097c609978574b241b67c5b86bdd1b3d909d060133e", [:mix], [{:astro, "~> 1.0", [hex: :astro, repo: "hexpm", optional: false]}, {:ex_cldr_calendars, "~> 2.1", [hex: :ex_cldr_calendars, repo: "hexpm", optional: false]}], "hexpm", "bdb7ceafedd1e217f07ab3412fcfd4fc981124a6966f5cf160361008619d7c25"},
  "ex_cldr_currencies": {:hex, :ex_cldr_currencies, "2.17.2", "4892b5255a205e8133297b702abbe13c9b51d0281fa8c2ea100f51df9657c3c7", [:mix], [{:ex_cldr, "~> 2.38", [hex: :ex_cldr, repo: "hexpm", optional: false]}, {:jason, "~> 1.0", [hex: :jason, repo: "hexpm", optional: true]}], "hexpm", "797095c106a2fe6632981531e29cfb1d2f8ee7de626f4d6243f974d6f74a0112"},
  "ex_cldr_dates_times": {:hex, :ex_cldr_dates_times, "2.25.6", "6db974ab2b430b5733994c2bfbe98a69e25eeb076b876a929791ff521f8fdd96", [:mix], [{:calendar_interval, "~> 0.2", [hex: :calendar_interval, repo: "hexpm", optional: true]}, {:ex_cldr_calendars, "~> 2.4", [hex: :ex_cldr_calendars, repo: "hexpm", optional: false]}, {:ex_cldr_units, "~> 3.20", [hex: :ex_cldr_units, repo: "hexpm", optional: true]}, {:jason, "~> 1.0", [hex: :jason, repo: "hexpm", optional: true]}, {:tz, "~> 0.26", [hex: :tz, repo: "hexpm", optional: true]}], "hexpm", "926ff5662b849f86088832ee66b61a96aab0fa5a54d5e14240e08ad3030663e2"},
  "ex_cldr_lists": {:hex, :ex_cldr_lists, "2.12.2", "731532a3c0a9bfd062acbe79fd39affa4d6e3e5aa5b08a7405524166ce1cd47a", [:mix], [{:ex_cldr_numbers, "~> 2.25", [hex: :ex_cldr_numbers, repo: "hexpm", optional: false]}, {:ex_doc, "~> 0.18", [hex: :ex_doc, repo: "hexpm", optional: true]}, {:jason, "~> 1.0", [hex: :jason, repo: "hexpm", optional: true]}], "hexpm", "16e0b6dc63091c71a0c9a2c50e13db64798f261c3e121d7e3fb7d354872180e8"},
  "ex_cldr_messages": {:hex, :ex_cldr_messages, "2.0.1", "02c0148ccc71189c89575b31673bbfc0db9de5d20e8b70c31925422e2a094671", [:mix], [{:elixir_make, "~> 0.4", [hex: :elixir_make, repo: "hexpm", optional: true]}, {:ex_cldr_dates_times, "~> 2.22", [hex: :ex_cldr_dates_times, repo: "hexpm", optional: true]}, {:ex_cldr_lists, "~> 2.10", [hex: :ex_cldr_lists, repo: "hexpm", optional: false]}, {:ex_cldr_numbers, "~> 2.34", [hex: :ex_cldr_numbers, repo: "hexpm", optional: false]}, {:ex_cldr_units, "~> 3.18", [hex: :ex_cldr_units, repo: "hexpm", optional: true]}, {:ex_doc, "~> 0.20", [hex: :ex_doc, repo: "hexpm", optional: true]}, {:ex_money, "~> 5.9", [hex: :ex_money, repo: "hexpm", optional: true]}, {:gettext, "~> 0.21 or ~> 1.0", [hex: :gettext, repo: "hexpm", optional: true]}, {:jason, "~> 1.1", [hex: :jason, repo: "hexpm", optional: false]}, {:nimble_parsec, "~> 1.0", [hex: :nimble_parsec, repo: "hexpm", optional: false]}], "hexpm", "10215845a5e2fcd417f039616d228a11c7db193b78a67c805045f8cbcadbbd85"},
  "ex_cldr_numbers": {:hex, :ex_cldr_numbers, "2.38.3", "64a99531df09397174b7f477785c43016f223d01856725b541a19d36b8149523", [:mix], [{:decimal, "~> 1.6 or ~> 2.0 or ~> 3.0", [hex: :decimal, repo: "hexpm", optional: false]}, {:digital_token, "~> 1.0 or ~> 2.0", [hex: :digital_token, repo: "hexpm", optional: false]}, {:ex_cldr, "~> 2.45", [hex: :ex_cldr, repo: "hexpm", optional: false]}, {:ex_cldr_currencies, "~> 2.17", [hex: :ex_cldr_currencies, repo: "hexpm", optional: false]}, {:jason, "~> 1.0", [hex: :jason, repo: "hexpm", optional: true]}], "hexpm", "3a0d87ef2747c66d78ae8967023d415d3d76aa310981047ad601e3287e8fe73c"},
  "ex_slop": {:hex, :ex_slop, "0.4.4", "8ca277b902e93193eb3545e414c309026a51204e5eb7d6ada5ff96555de6abcb", [:mix], [{:credo, "~> 1.7", [hex: :credo, repo: "hexpm", optional: false]}], "hexpm", "03ef1b2553ebad45c8ceb3e482eed5f1ccd08fc992215a9da0ef6196935107e2"},
  "expo": {:hex, :expo, "1.1.1", "4202e1d2ca6e2b3b63e02f69cfe0a404f77702b041d02b58597c00992b601db5", [:mix], [], "hexpm", "5fb308b9cb359ae200b7e23d37c76978673aa1b06e2b3075d814ce12c5811640"},
  "exqlite": {:hex, :exqlite, "0.39.0", "08f8ff646e14d14bab289f4cfc61b95ffc5fe7c82d420049a480eee69ca8b292", [:make, :mix], [{:cc_precompiler, "~> 0.1", [hex: :cc_precompiler, repo: "hexpm", optional: false]}, {:db_connection, "~> 2.1", [hex: :db_connection, repo: "hexpm", optional: false]}, {:elixir_make, "~> 0.8", [hex: :elixir_make, repo: "hexpm", optional: false]}, {:table, "~> 0.1.0", [hex: :table, repo: "hexpm", optional: true]}], "hexpm", "603de0f7637adc88275fa12ccbd58954ff6000f75386e876565b49032d9aede9"},
  "file_system": {:hex, :file_system, "1.1.1", "31864f4685b0148f25bd3fbef2b1228457c0c89024ad67f7a81a3ffbc0bbad3a", [:mix], [], "hexpm", "7a15ff97dfe526aeefb090a7a9d3d03aa907e100e262a0f8f7746b78f8f87a5d"},
  "finch": {:hex, :finch, "0.23.0", "e3f9287ac25a8832f848b144c2b57346aac65b205e2e0629a52adfe6507fd837", [:mix], [{:mime, "~> 1.0 or ~> 2.0", [hex: :mime, repo: "hexpm", optional: false]}, {:mint, "~> 1.8", [hex: :mint, repo: "hexpm", optional: false]}, {:nimble_options, "~> 0.4 or ~> 1.0", [hex: :nimble_options, repo: "hexpm", optional: false]}, {:nimble_pool, "~> 1.1", [hex: :nimble_pool, repo: "hexpm", optional: false]}, {:telemetry, "~> 0.4 or ~> 1.0", [hex: :telemetry, repo: "hexpm", optional: false]}], "hexpm", "80e58d3f936f57e3fdf404f83a3642897ae6d9fb642934e46da4d8fe761b99d5"},
  "geo": {:hex, :geo, "3.6.0", "00c9c6338579f67e91cd5950af4ae2eb25cdce0c3398718c232539f61625d0bd", [:mix], [{:jason, "~> 1.4", [hex: :jason, repo: "hexpm", optional: true]}], "hexpm", "1dbdebf617183b54bc3c8ad7a36531a9a76ada8ca93f75f573b0ae94006168da"},
  "gettext": {:hex, :gettext, "1.0.2", "5457e1fd3f4abe47b0e13ff85086aabae760497a3497909b8473e0acee57673b", [:mix], [{:expo, "~> 0.5.1 or ~> 1.0", [hex: :expo, repo: "hexpm", optional: false]}], "hexpm", "eab805501886802071ad290714515c8c4a17196ea76e5afc9d06ca85fb1bfeb3"},
  "glob_ex": {:hex, :glob_ex, "0.1.12", "7b2d9369c20e2697efcfd185d13d6e84c94cd3bfd2730fbde613141c2e015c00", [:mix], [], "hexpm", "2e2fac83f113514434c7eaf267b4c38af2f91766f1cab2c5db7053b7fc1ee0bb"},
  "guarded_struct": {:hex, :guarded_struct, "0.1.1", "83e28b4b512403e142cd83e16d94e268b937672176bbc4bc2e12d481f7f3e49d", [:mix], [{:html_sanitize_ex, "~> 1.5", [hex: :html_sanitize_ex, repo: "hexpm", optional: false]}, {:spark, "~> 2.7", [hex: :spark, repo: "hexpm", optional: false]}, {:splode, "~> 0.3", [hex: :splode, repo: "hexpm", optional: false]}, {:telemetry, "~> 1.0", [hex: :telemetry, repo: "hexpm", optional: false]}], "hexpm", "40e44d59f309c7415ab0ce03baa6e7d58e074a5070c67b8f3991e19031819670"},
  "hpax": {:hex, :hpax, "1.0.4", "777de5d433b0fbdc7c418159c8055910faa8047ffdb3d6b31098d2a46cd7685c", [:mix], [], "hexpm", "afc7cb142ebcc2d01ce7816190b98ce5dd49e799111b24249f3443d730f377ca"},
  "html_sanitize_ex": {:hex, :html_sanitize_ex, "1.5.4", "fe8867900648b83222aff76a342b956618e7029cb5e7592b8fb06a3fac5e0b54", [:mix], [{:mochiweb, "~> 2.15 or ~> 3.1", [hex: :mochiweb, repo: "hexpm", optional: false]}], "hexpm", "354014f1a0b39bb2e0fd1005a3cab52fd7c4fd4b71a31ba8bef0fe2c55020364"},
  "igniter": {:hex, :igniter, "0.8.3", "9de74d3885efae43b0b58dc6f7b816963c4bbd391e6b6fe6922ee21c4e384c76", [:mix], [{:ex_ast, "~> 0.5", [hex: :ex_ast, repo: "hexpm", optional: false]}, {:glob_ex, "~> 0.1.7", [hex: :glob_ex, repo: "hexpm", optional: false]}, {:jason, "~> 1.4.5", [hex: :jason, repo: "hexpm", optional: false]}, {:owl, "~> 0.11", [hex: :owl, repo: "hexpm", optional: false]}, {:phx_new, "~> 1.7", [hex: :phx_new, repo: "hexpm", optional: true]}, {:req, "~> 0.5", [hex: :req, repo: "hexpm", optional: false]}, {:rewrite, ">= 1.1.1 and < 2.0.0-0", [hex: :rewrite, repo: "hexpm", optional: false]}, {:sourceror, "~> 1.4", [hex: :sourceror, repo: "hexpm", optional: false]}, {:spitfire, ">= 0.1.3 and < 1.0.0-0", [hex: :spitfire, repo: "hexpm", optional: false]}], "hexpm", "afc5e3848d885e680da5c3b65e5e7717555a08cd12305190ff2be76427af39ff"},
  "iterex": {:hex, :iterex, "0.1.2", "58f9b9b9a22a55cbfc7b5234a9c9c63eaac26d276b3db80936c0e1c60355a5a6", [:mix], [], "hexpm", "2e103b8bcc81757a9af121f6dc0df312c9a17220f302b1193ef720460d03029d"},
  "jason": {:hex, :jason, "1.4.5", "2e3a008590b0b8d7388c20293e9dcc9cf3e5d642fd2a114e4cbbb52e595d940a", [:mix], [{:decimal, "~> 1.0 or ~> 2.0 or ~> 3.0", [hex: :decimal, repo: "hexpm", optional: true]}], "hexpm", "b0c823996102bcd0239b3c2444eb00409b72f6a140c1950bc8b457d836b30684"},
  "mime": {:hex, :mime, "2.0.7", "b8d739037be7cd402aee1ba0306edfdef982687ee7e9859bee6198c1e7e2f128", [:mix], [], "hexpm", "6171188e399ee16023ffc5b76ce445eb6d9672e2e241d2df6050f3c771e80ccd"},
  "mint": {:hex, :mint, "1.9.3", "3337184d69179695c7a9f1714d92c11e629d36c8c037a21cf490131d3d150554", [:mix], [{:castore, "~> 0.1.0 or ~> 1.0", [hex: :castore, repo: "hexpm", optional: true]}, {:hpax, "~> 0.1.1 or ~> 0.2.0 or ~> 1.0", [hex: :hpax, repo: "hexpm", optional: false]}], "hexpm", "5f7c9342480c069dbbc4eeac3490303c9e01870ff01a7f1d29b6107054fc1e74"},
  "mix_audit": {:hex, :mix_audit, "2.1.5", "c0f77cee6b4ef9d97e37772359a187a166c7a1e0e08b50edf5bf6959dfe5a016", [:make, :mix], [{:jason, "~> 1.4", [hex: :jason, repo: "hexpm", optional: false]}, {:yaml_elixir, "~> 2.11", [hex: :yaml_elixir, repo: "hexpm", optional: false]}], "hexpm", "87f9298e21da32f697af535475860dc1d3617a010e0b418d2ec6142bc8b42d69"},
  "mob": {:hex, :mob, "0.7.20", "87a80b62d9dd4ec09200e67adcfc5a30f1eee2bc8672e84f400d33ce4e8e6d1c", [:mix], [{:nimble_parsec, "~> 1.0", [hex: :nimble_parsec, repo: "hexpm", optional: false]}], "hexpm", "abf859bc8ff8f7ca534c97efb401a009a3f5f371dc3737bba1107e260db23373"},
  "mob_dev": {:hex, :mob_dev, "0.6.23", "3e97c0f0cc3b9b91e2d46e44c0d59ee792a997c5c50579e6cbd7d9358705db68", [:mix], [{:avatarz, "~> 0.2", [hex: :avatarz, repo: "hexpm", optional: true]}, {:bandit, "~> 1.0", [hex: :bandit, repo: "hexpm", optional: false]}, {:eqrcode, "~> 0.2", [hex: :eqrcode, repo: "hexpm", optional: false]}, {:igniter, "~> 0.8", [hex: :igniter, repo: "hexpm", optional: false]}, {:image, "~> 0.54", [hex: :image, repo: "hexpm", optional: true]}, {:jason, "~> 1.4", [hex: :jason, repo: "hexpm", optional: false]}, {:mix_audit, "~> 2.1", [hex: :mix_audit, repo: "hexpm", optional: false]}, {:phoenix_live_view, "~> 1.0", [hex: :phoenix_live_view, repo: "hexpm", optional: false]}, {:phoenix_pubsub, "~> 2.0", [hex: :phoenix_pubsub, repo: "hexpm", optional: false]}, {:plug_crypto, "~> 2.0", [hex: :plug_crypto, repo: "hexpm", optional: false]}], "hexpm", "f18183f85e1ad427730e8c7333568361c1158909d9e78c4e4fd50867b8a0afb0"},
  "mochiweb": {:hex, :mochiweb, "3.5.0", "a6de5babf2832b5cc8ba3f9e70417f54a99bc4cec5ac9aff4b783a643d36d804", [:rebar3], [], "hexpm", "c35df2787fffd009ab2f2470768ad1cdc993eab2c68cd7ddf75171c1462265d6"},
  "multigraph": {:hex, :multigraph, "0.16.1-mg.4", "2bbe149f5411b0e3bf0624c7bf2e3da2738efeac2f9a67bbbcb807ab171f0a76", [:mix], [], "hexpm", "b9f3e2577cef4658eeedf97c76d22a86d33a7aab702a93c1da9c122e849e9037"},
  "nimble_options": {:hex, :nimble_options, "1.1.1", "e3a492d54d85fc3fd7c5baf411d9d2852922f66e69476317787a7b2bb000a61b", [:mix], [], "hexpm", "821b2470ca9442c4b6984882fe9bb0389371b8ddec4d45a9504f00a66f650b44"},
  "nimble_parsec": {:hex, :nimble_parsec, "1.4.2", "8efba0122db06df95bfaa78f791344a89352ba04baedd3849593bfce4d0dc1c6", [:mix], [], "hexpm", "4b21398942dda052b403bbe1da991ccd03a053668d147d53fb8c4e0efe09c973"},
  "nimble_pool": {:hex, :nimble_pool, "1.1.0", "bf9c29fbdcba3564a8b800d1eeb5a3c58f36e1e11d7b7fb2e084a643f645f06b", [:mix], [], "hexpm", "af2e4e6b34197db81f7aad230c1118eac993acc0dae6bc83bac0126d4ae0813a"},
  "owl": {:hex, :owl, "0.13.1", "1ec4a5dea170465f0e90c502c203079224516bc0cbd599281c8667b3c6ef8848", [:mix], [{:ucwidth, "~> 0.2", [hex: :ucwidth, repo: "hexpm", optional: true]}], "hexpm", "351e768af8f2edc575cdaab1a5a2f6d6381be591758a026c701c703145508a0c"},
  "peri": {:hex, :peri, "0.9.0", "ff3867597af6e45dfa2a081ab403096b1e7e0824ae571bc203ec6900c0a9269f", [:mix], [{:ecto, "~> 3.12", [hex: :ecto, repo: "hexpm", optional: true]}, {:jason, "~> 1.0", [hex: :jason, repo: "hexpm", optional: true]}, {:stream_data, "~> 1.1", [hex: :stream_data, repo: "hexpm", optional: true]}], "hexpm", "53d773928e3105565cbfffe36bf642d85be1ec00130a176b2090dc3f80d2c273"},
  "phoenix": {:hex, :phoenix, "1.8.11", "9bb8f0c4e9f0b9eaf7f34cf8cb0bd25bd8599763a5587d64918a9ebb04027823", [:mix], [{:bandit, "~> 1.0", [hex: :bandit, repo: "hexpm", optional: true]}, {:jason, "~> 1.0", [hex: :jason, repo: "hexpm", optional: true]}, {:phoenix_pubsub, "~> 2.1", [hex: :phoenix_pubsub, repo: "hexpm", optional: false]}, {:phoenix_template, "~> 1.0", [hex: :phoenix_template, repo: "hexpm", optional: false]}, {:phoenix_view, "~> 2.0", [hex: :phoenix_view, repo: "hexpm", optional: true]}, {:plug, "~> 1.14", [hex: :plug, repo: "hexpm", optional: false]}, {:plug_cowboy, "~> 2.7", [hex: :plug_cowboy, repo: "hexpm", optional: true]}, {:plug_crypto, "~> 2.2", [hex: :plug_crypto, repo: "hexpm", optional: false]}, {:telemetry, "~> 0.4 or ~> 1.0", [hex: :telemetry, repo: "hexpm", optional: false]}, {:websock_adapter, "~> 0.5", [hex: :websock_adapter, repo: "hexpm", optional: false]}], "hexpm", "44f028f4129e5a29487e868f84903373e3d032da151ad0c789c3849f464e7351"},
  "phoenix_html": {:hex, :phoenix_html, "4.3.0", "d3577a5df4b6954cd7890c84d955c470b5310bb49647f0a114a6eeecc850f7ad", [:mix], [], "hexpm", "3eaa290a78bab0f075f791a46a981bbe769d94bc776869f4f3063a14f30497ad"},
  "phoenix_live_view": {:hex, :phoenix_live_view, "1.2.9", "d35ddac2fab4480e6bdbf712ff104fd9e969a2bbe81b578ee80f066b371f56db", [:mix], [{:igniter, ">= 0.6.16 and < 1.0.0-0", [hex: :igniter, repo: "hexpm", optional: true]}, {:jason, "~> 1.0", [hex: :jason, repo: "hexpm", optional: true]}, {:lazy_html, "~> 0.1.0", [hex: :lazy_html, repo: "hexpm", optional: true]}, {:phoenix, "~> 1.6.15 or ~> 1.7.0 or ~> 1.8.0", [hex: :phoenix, repo: "hexpm", optional: false]}, {:phoenix_html, "~> 3.3 or ~> 4.0", [hex: :phoenix_html, repo: "hexpm", optional: false]}, {:phoenix_template, "~> 1.0", [hex: :phoenix_template, repo: "hexpm", optional: false]}, {:phoenix_view, "~> 2.0", [hex: :phoenix_view, repo: "hexpm", optional: true]}, {:plug, "~> 1.15", [hex: :plug, repo: "hexpm", optional: false]}, {:telemetry, "~> 0.4.2 or ~> 1.0", [hex: :telemetry, repo: "hexpm", optional: false]}], "hexpm", "2f9528c3d7046edabbb30a91710ca33988f8d8bc20a964a1fc48b32134572afa"},
  "phoenix_pubsub": {:hex, :phoenix_pubsub, "2.2.0", "ff3a5616e1bed6804de7773b92cbccfc0b0f473faf1f63d7daf1206c7aeaaa6f", [:mix], [], "hexpm", "adc313a5bf7136039f63cfd9668fde73bba0765e0614cba80c06ac9460ff3e96"},
  "phoenix_template": {:hex, :phoenix_template, "1.0.4", "e2092c132f3b5e5b2d49c96695342eb36d0ed514c5b252a77048d5969330d639", [:mix], [{:phoenix_html, "~> 2.14.2 or ~> 3.0 or ~> 4.0", [hex: :phoenix_html, repo: "hexpm", optional: true]}], "hexpm", "2c0c81f0e5c6753faf5cca2f229c9709919aba34fab866d3bc05060c9c444206"},
  "plug": {:hex, :plug, "1.20.3", "56c480c633ec2ce10140e236e15233bf576e1d323887d7c96711bd02ab5160db", [:mix], [{:mime, "~> 1.0 or ~> 2.0", [hex: :mime, repo: "hexpm", optional: false]}, {:plug_crypto, "~> 1.1.1 or ~> 1.2 or ~> 2.0", [hex: :plug_crypto, repo: "hexpm", optional: false]}, {:telemetry, "~> 0.4.3 or ~> 1.0", [hex: :telemetry, repo: "hexpm", optional: false]}], "hexpm", "be266aee1b8536ef6409d58cf39a3121319f0ec47cfa1b24024485aa0e76ad76"},
  "plug_crypto": {:hex, :plug_crypto, "2.2.0", "144014737daaf485407f5ed77daeaad74d651b216a28c87543f8cc7043f8efc8", [:mix], [], "hexpm", "83a95744ab1c75876542b6fab135fcc176280e0f301a111c1f757fddcec95d2c"},
  "reactor": {:hex, :reactor, "1.0.6", "546a87255693bcee99451d022cc86927161cdb527f5216d4dcac2b31e08eb122", [:mix], [{:igniter, "~> 0.4", [hex: :igniter, repo: "hexpm", optional: true]}, {:iterex, "~> 0.1", [hex: :iterex, repo: "hexpm", optional: false]}, {:jason, "~> 1.0", [hex: :jason, repo: "hexpm", optional: false]}, {:multigraph, "~> 0.16.1-mg.2", [hex: :multigraph, repo: "hexpm", optional: false]}, {:spark, ">= 2.3.3 and < 3.0.0-0", [hex: :spark, repo: "hexpm", optional: false]}, {:splode, "~> 0.2", [hex: :splode, repo: "hexpm", optional: false]}, {:telemetry, "~> 1.2", [hex: :telemetry, repo: "hexpm", optional: false]}, {:yaml_elixir, "~> 2.11", [hex: :yaml_elixir, repo: "hexpm", optional: false]}, {:ymlr, "~> 5.0", [hex: :ymlr, repo: "hexpm", optional: false]}], "hexpm", "e3f8fd8e870c2b011316ca2ac422bb4bc710cac9f02c578f8526f7a6348d932b"},
  "req": {:hex, :req, "0.7.2", "364eae2e5f5c984f2dac6d71c07f8c8c89ce0bc49c4d746dacb7a306823020de", [:mix], [{:brotli, "~> 0.3.1", [hex: :brotli, repo: "hexpm", optional: true]}, {:finch, "~> 0.21", [hex: :finch, repo: "hexpm", optional: false]}, {:jason, "~> 1.0", [hex: :jason, repo: "hexpm", optional: false]}, {:mime, "~> 2.0.6 or ~> 2.1", [hex: :mime, repo: "hexpm", optional: false]}, {:nimble_csv, "~> 1.0", [hex: :nimble_csv, repo: "hexpm", optional: true]}, {:plug, "~> 1.0", [hex: :plug, repo: "hexpm", optional: true]}], "hexpm", "c9cdfa276b05d8db2a27fda5d233e6858b764d47189d76cbb186e130a871ae0b"},
  "rewrite": {:hex, :rewrite, "1.3.0", "67448ba7975690b35ba7e7f35717efcce317dbd5963cb0577aa7325c1923121a", [:mix], [{:glob_ex, "~> 0.1", [hex: :glob_ex, repo: "hexpm", optional: false]}, {:sourceror, "~> 1.0", [hex: :sourceror, repo: "hexpm", optional: false]}, {:text_diff, "~> 0.1", [hex: :text_diff, repo: "hexpm", optional: false]}], "hexpm", "d111ac7ff3a58a802ef4f193bbd1831e00a9c57b33276e5068e8390a212714a5"},
  "rustler": {:hex, :rustler, "0.38.0", "7a8906998ff0d28e3021c0a73264abcda719bda344b2e58307c6805b0f87c9b4", [:mix], [{:jason, "~> 1.0", [hex: :jason, repo: "hexpm", optional: false]}], "hexpm", "704c03c1bf66be12b031c5a389347b91c81c5cb819a24b068b0de36fe4a5652a"},
  "rustler_precompiled": {:hex, :rustler_precompiled, "0.9.0", "3a052eda09f3d2436364645cc1f13279cf95db310eb0c17b0d8f25484b233aa0", [:mix], [{:rustler, "~> 0.23", [hex: :rustler, repo: "hexpm", optional: true]}], "hexpm", "471d97315bd3bf7b64623418b3693eedd8e47de3d1cb79a0ac8f9da7d770d94c"},
  "sourceror": {:hex, :sourceror, "1.12.2", "85bfd48159f020c0cbfc72f289f11456fdc05dc43719b6f2589fb969faefa113", [:mix], [], "hexpm", "da37d3da09c5b890528802c7056a8f585a061973820d7656b6e3649c14f0e9cb"},
  "spark": {:hex, :spark, "2.7.2", "36becc6ff03b40908cc821d403d7f06d893498e293d2f718afc6ca097fcb9d93", [:mix], [{:igniter, ">= 0.3.64 and < 1.0.0-0", [hex: :igniter, repo: "hexpm", optional: true]}, {:jason, "~> 1.4", [hex: :jason, repo: "hexpm", optional: true]}, {:sourceror, "~> 1.2", [hex: :sourceror, repo: "hexpm", optional: true]}], "hexpm", "adb323ddbf9dbbe326f9e5def54ac96c47911e852b2c270bb19a5147c56f1b45"},
  "spitfire": {:hex, :spitfire, "0.4.0", "6d98c10cf585434b9439ba0c6dd3cc7aeff0e06ab73bfe5488f42e7c0f883d9b", [:mix], [], "hexpm", "7e5c6d1523c111b59f332f9dc49edc0377111d0c17167a29830f0e98233f5472"},
  "splode": {:hex, :splode, "0.3.2", "7716b6b2260a98a6f018c65cc0393da2cdf17314202eb351a0956e8762190dff", [:mix], [], "hexpm", "08fd658f80da7f1cd254b149164dcff8acd44b22f032001d5416b97223d32bc9"},
  "stream_data": {:hex, :stream_data, "1.4.0", "026f929db613aabea6208012ae9b8970d3fd5f88b3bdf26831bc536f98c42036", [:mix], [], "hexpm", "2b0ee3a340dcce1c8cf6302a763ee757d1e01c54d6e16d9069062509d68b1dc9"},
  "telemetry": {:hex, :telemetry, "1.4.2", "a0cb522801dffb1c49fe6e30561badffc7b6d0e180db1300df759faa22062855", [:rebar3], [], "hexpm", "928f6495066506077862c0d1646609eed891a4326bee3126ba54b60af61febb1"},
  "text_diff": {:hex, :text_diff, "0.1.0", "1caf3175e11a53a9a139bc9339bd607c47b9e376b073d4571c031913317fecaa", [:mix], [], "hexpm", "d1ffaaecab338e49357b6daa82e435f877e0649041ace7755583a0ea3362dbd7"},
  "thousand_island": {:hex, :thousand_island, "1.5.0", "f50a213cac97262b6d5ebb85745aa2c00fec1413191e6e66834788d45425cecb", [:mix], [{:telemetry, "~> 0.4 or ~> 1.0", [hex: :telemetry, repo: "hexpm", optional: false]}], "hexpm", "708923d40523e43cf99041ab37a0d4b0ec426ac6438fa3716ab23d919eaeb412"},
  "tz": {:hex, :tz, "0.28.2", "6c47f3d1a8ee5c33a1d8f0ba49e5a851b0a30c408a587d907aff6e71228b3b32", [:mix], [{:castore, "~> 0.1 or ~> 1.0", [hex: :castore, repo: "hexpm", optional: true]}, {:mint, "~> 1.6", [hex: :mint, repo: "hexpm", optional: true]}], "hexpm", "a6bf7355a33f0a7511602ab4566432ac0901d8abff81e94e455bca19708a0c87"},
  "websock": {:hex, :websock, "0.5.3", "2f69a6ebe810328555b6fe5c831a851f485e303a7c8ce6c5f675abeb20ebdadc", [:mix], [], "hexpm", "6105453d7fac22c712ad66fab1d45abdf049868f253cf719b625151460b8b453"},
  "websock_adapter": {:hex, :websock_adapter, "0.6.0", "73db5ab8aaefd1a876a97ce3e6afc96562625de69ef17a4e04426e034849d0b8", [:mix], [{:bandit, ">= 0.6.0", [hex: :bandit, repo: "hexpm", optional: true]}, {:plug, "~> 1.14", [hex: :plug, repo: "hexpm", optional: false]}, {:plug_cowboy, "~> 2.6", [hex: :plug_cowboy, repo: "hexpm", optional: true]}, {:websock, "~> 0.5", [hex: :websock, repo: "hexpm", optional: false]}], "hexpm", "50021a85bce8f203b086705d9e0c5415e2c7eb05d319111b0428fe71f9934617"},
  "yamerl": {:hex, :yamerl, "0.10.0", "4ff81fee2f1f6a46f1700c0d880b24d193ddb74bd14ef42cb0bcf46e81ef2f8e", [:rebar3], [], "hexpm", "346adb2963f1051dc837a2364e4acf6eb7d80097c0f53cbdc3046ec8ec4b4e6e"},
  "yaml_elixir": {:hex, :yaml_elixir, "2.12.2", "9dd1330fb4cd9a36a7b0f502e5b12486eff632792ee4a5f0eba52a4d4ec32c9c", [:mix], [{:yamerl, "~> 0.10", [hex: :yamerl, repo: "hexpm", optional: false]}], "hexpm", "e7c1b10122f973e6558462d51c39026ba0e14afbc6745318e990ea82cfe9e159"},
  "ymlr": {:hex, :ymlr, "5.1.6", "247479328fd5ea1e222ee59ecd5571ab2885cf1a6329aea458d4944cd035cfc1", [:mix], [], "hexpm", "b36d7c72384d2cb2094d2a3c8b0c3b12303e0ccd1b7b12333b81d75b1fe0b53a"},
}
